
Microsoft Visual Studio Solution File, Format Version 12.00
# Visual Studio Version 17
VisualStudioVersion = 17.8.34511.84
MinimumVisualStudioVersion = 10.0.40219.1
Project("{9A19103F-16F7-4668-BE54-9A1E7A4F7556}") = "XInstructor.UI", "XInstructor.UI\XInstructor.UI.csproj", "{CF41B69A-1314-4DA8-B897-DDE0CF697D27}"
EndProject
Project("{9A19103F-16F7-4668-BE54-9A1E7A4F7556}") = "XInstructor.Common", "XInstructor.Common\XInstructor.Common.csproj", "{EEA8C853-4C0C-45FC-AA0B-6D520C2C7914}"
EndProject
Project("{9A19103F-16F7-4668-BE54-9A1E7A4F7556}") = "XInstructor.Tester", "XInstructor.Tester\XInstructor.Tester.csproj", "{393CDE89-0200-4454-AFEE-0A938C23B3AF}"
EndProject
Global
	GlobalSection(SolutionConfigurationPlatforms) = preSolution
		Debug|Any CPU = Debug|Any CPU
		Debug|x64 = Debug|x64
		Release|Any CPU = Release|Any CPU
		Release|x64 = Release|x64
	EndGlobalSection
	GlobalSection(ProjectConfigurationPlatforms) = postSolution
		{CF41B69A-1314-4DA8-B897-DDE0CF697D27}.Debug|Any CPU.ActiveCfg = Debug|Any CPU
		{CF41B69A-1314-4DA8-B897-DDE0CF697D27}.Debug|Any CPU.Build.0 = Debug|Any CPU
		{CF41B69A-1314-4DA8-B897-DDE0CF697D27}.Debug|Any CPU.Deploy.0 = Debug|Any CPU
		{CF41B69A-1314-4DA8-B897-DDE0CF697D27}.Debug|x64.ActiveCfg = Debug|Any CPU
		{CF41B69A-1314-4DA8-B897-DDE0CF697D27}.Debug|x64.Build.0 = Debug|Any CPU
		{CF41B69A-1314-4DA8-B897-DDE0CF697D27}.Debug|x64.Deploy.0 = Debug|Any CPU
		{CF41B69A-1314-4DA8-B897-DDE0CF697D27}.Release|Any CPU.ActiveCfg = Release|Any CPU
		{CF41B69A-1314-4DA8-B897-DDE0CF697D27}.Release|Any CPU.Build.0 = Release|Any CPU
		{CF41B69A-1314-4DA8-B897-DDE0CF697D27}.Release|Any CPU.Deploy.0 = Release|Any CPU
		{CF41B69A-1314-4DA8-B897-DDE0CF697D27}.Release|x64.ActiveCfg = Release|Any CPU
		{CF41B69A-1314-4DA8-B897-DDE0CF697D27}.Release|x64.Build.0 = Release|Any CPU
		{CF41B69A-1314-4DA8-B897-DDE0CF697D27}.Release|x64.Deploy.0 = Release|Any CPU
		{EEA8C853-4C0C-45FC-AA0B-6D520C2C7914}.Debug|Any CPU.ActiveCfg = Debug|Any CPU
		{EEA8C853-4C0C-45FC-AA0B-6D520C2C7914}.Debug|Any CPU.Build.0 = Debug|Any CPU
		{EEA8C853-4C0C-45FC-AA0B-6D520C2C7914}.Debug|x64.ActiveCfg = Debug|Any CPU
		{EEA8C853-4C0C-45FC-AA0B-6D520C2C7914}.Debug|x64.Build.0 = Debug|Any CPU
		{EEA8C853-4C0C-45FC-AA0B-6D520C2C7914}.Release|Any CPU.ActiveCfg = Release|Any CPU
		{EEA8C853-4C0C-45FC-AA0B-6D520C2C7914}.Release|Any CPU.Build.0 = Release|Any CPU
		{EEA8C853-4C0C-45FC-AA0B-6D520C2C7914}.Release|x64.ActiveCfg = Release|Any CPU
		{EEA8C853-4C0C-45FC-AA0B-6D520C2C7914}.Release|x64.Build.0 = Release|Any CPU
		{393CDE89-0200-4454-AFEE-0A938C23B3AF}.Debug|Any CPU.ActiveCfg = Debug|Any CPU
		{393CDE89-0200-4454-AFEE-0A938C23B3AF}.Debug|Any CPU.Build.0 = Debug|Any CPU
		{393CDE89-0200-4454-AFEE-0A938C23B3AF}.Debug|x64.ActiveCfg = Debug|Any CPU
		{393CDE89-0200-4454-AFEE-0A938C23B3AF}.Debug|x64.Build.0 = Debug|Any CPU
		{393CDE89-0200-4454-AFEE-0A938C23B3AF}.Release|Any CPU.ActiveCfg = Release|Any CPU
		{393CDE89-0200-4454-AFEE-0A938C23B3AF}.Release|Any CPU.Build.0 = Release|Any CPU
		{393CDE89-0200-4454-AFEE-0A938C23B3AF}.Release|x64.ActiveCfg = Release|Any CPU
		{393CDE89-0200-4454-AFEE-0A938C23B3AF}.Release|x64.Build.0 = Release|Any CPU
	EndGlobalSection
	GlobalSection(SolutionProperties) = preSolution
		HideSolutionNode = FALSE
	EndGlobalSection
	GlobalSection(ExtensibilityGlobals) = postSolution
		SolutionGuid = {32A1DB1F-A5D0-402A-A78F-17C6BF6856A0}
	EndGlobalSection
EndGlobal
